
Microsoft Visual Studio Solution File, Format Version 12.00
# Visual Studio Version 17
VisualStudioVersion = 17.14.37628.2 d17.14
MinimumVisualStudioVersion = 10.0.40219.1
Project("{FAE04EC0-301F-11D3-BF4B-00C04F79EFBC}") = "WF Gym Personal Tracker", "WF Gym Personal Tracker.csproj", "{891587F6-B38B-437A-A1BD-FE1EF61032EF}"
EndProject
Global
	GlobalSection(SolutionConfigurationPlatforms) = preSolution
		Debug|Any CPU = Debug|Any CPU
		Release|Any CPU = Release|Any CPU
	EndGlobalSection
	GlobalSection(ProjectConfigurationPlatforms) = postSolution
		{891587F6-B38B-437A-A1BD-FE1EF61032EF}.Debug|Any CPU.ActiveCfg = Debug|Any CPU
		{891587F6-B38B-437A-A1BD-FE1EF61032EF}.Debug|Any CPU.Build.0 = Debug|Any CPU
		{891587F6-B38B-437A-A1BD-FE1EF61032EF}.Release|Any CPU.ActiveCfg = Release|Any CPU
		{891587F6-B38B-437A-A1BD-FE1EF61032EF}.Release|Any CPU.Build.0 = Release|Any CPU
	EndGlobalSection
	GlobalSection(SolutionProperties) = preSolution
		HideSolutionNode = FALSE
	EndGlobalSection
	GlobalSection(ExtensibilityGlobals) = postSolution
		SolutionGuid = {CBAD4320-6B6F-460A-9325-957E9D664428}
	EndGlobalSection
EndGlobal
